
Microsoft Visual Studio Solution File, Format Version 12.00
# Visual Studio Version 17
VisualStudioVersion = 17.0.31903.59
MinimumVisualStudioVersion = 10.0.40219.1
Project("{FAE04EC0-301F-11D3-BF4B-00C04F79EFBC}") = "EventTicketing.API", "src\EventTicketing.API\EventTicketing.API.csproj", "{B5F9D3A1-45A7-4B8C-8D2E-1F3E4D5A6B7C}"
EndProject
Project("{2150E333-8FDC-42A3-9474-1A3956D46DE8}") = "src", "src", "{827E0CD3-B72D-47B6-A68D-7590B98EB39B}"
EndProject
Project("{FAE04EC0-301F-11D3-BF4B-00C04F79EFBC}") = "EventTicketing.Application", "src\EventTicketing.Application\EventTicketing.Application.csproj", "{7DA818FA-45B4-4BC4-B847-23EEC9E85F2E}"
EndProject
Project("{FAE04EC0-301F-11D3-BF4B-00C04F79EFBC}") = "EventTicketing.Domain", "src\EventTicketing.Domain\EventTicketing.Domain.csproj", "{D78D7588-FF6A-4013-BA9D-DBE578E34690}"
EndProject
Project("{FAE04EC0-301F-11D3-BF4B-00C04F79EFBC}") = "EventTicketing.Infrastructure", "src\EventTicketing.Infrastructure\EventTicketing.Infrastructure.csproj", "{29B01DCD-B5CF-4D94-B72A-82617FF0C80D}"
EndProject
Project("{FAE04EC0-301F-11D3-BF4B-00C04F79EFBC}") = "EventTicketing.Shared", "src\EventTicketing.Shared\EventTicketing.Shared.csproj", "{136FDC58-B2BF-4A3C-9D72-E6AA1E2C99DB}"
EndProject
Global
	GlobalSection(SolutionConfigurationPlatforms) = preSolution
		Debug|Any CPU = Debug|Any CPU
		Debug|x64 = Debug|x64
		Debug|x86 = Debug|x86
		Release|Any CPU = Release|Any CPU
		Release|x64 = Release|x64
		Release|x86 = Release|x86
	EndGlobalSection
	GlobalSection(ProjectConfigurationPlatforms) = postSolution
		{B5F9D3A1-45A7-4B8C-8D2E-1F3E4D5A6B7C}.Debug|Any CPU.ActiveCfg = Debug|Any CPU
		{B5F9D3A1-45A7-4B8C-8D2E-1F3E4D5A6B7C}.Debug|Any CPU.Build.0 = Debug|Any CPU
		{B5F9D3A1-45A7-4B8C-8D2E-1F3E4D5A6B7C}.Debug|x64.ActiveCfg = Debug|Any CPU
		{B5F9D3A1-45A7-4B8C-8D2E-1F3E4D5A6B7C}.Debug|x64.Build.0 = Debug|Any CPU
		{B5F9D3A1-45A7-4B8C-8D2E-1F3E4D5A6B7C}.Debug|x86.ActiveCfg = Debug|Any CPU
		{B5F9D3A1-45A7-4B8C-8D2E-1F3E4D5A6B7C}.Debug|x86.Build.0 = Debug|Any CPU
		{B5F9D3A1-45A7-4B8C-8D2E-1F3E4D5A6B7C}.Release|Any CPU.ActiveCfg = Release|Any CPU
		{B5F9D3A1-45A7-4B8C-8D2E-1F3E4D5A6B7C}.Release|Any CPU.Build.0 = Release|Any CPU
		{B5F9D3A1-45A7-4B8C-8D2E-1F3E4D5A6B7C}.Release|x64.ActiveCfg = Release|Any CPU
		{B5F9D3A1-45A7-4B8C-8D2E-1F3E4D5A6B7C}.Release|x64.Build.0 = Release|Any CPU
		{B5F9D3A1-45A7-4B8C-8D2E-1F3E4D5A6B7C}.Release|x86.ActiveCfg = Release|Any CPU
		{B5F9D3A1-45A7-4B8C-8D2E-1F3E4D5A6B7C}.Release|x86.Build.0 = Release|Any CPU
		{7DA818FA-45B4-4BC4-B847-23EEC9E85F2E}.Debug|Any CPU.ActiveCfg = Debug|Any CPU
		{7DA818FA-45B4-4BC4-B847-23EEC9E85F2E}.Debug|Any CPU.Build.0 = Debug|Any CPU
		{7DA818FA-45B4-4BC4-B847-23EEC9E85F2E}.Debug|x64.ActiveCfg = Debug|Any CPU
		{7DA818FA-45B4-4BC4-B847-23EEC9E85F2E}.Debug|x64.Build.0 = Debug|Any CPU
		{7DA818FA-45B4-4BC4-B847-23EEC9E85F2E}.Debug|x86.ActiveCfg = Debug|Any CPU
		{7DA818FA-45B4-4BC4-B847-23EEC9E85F2E}.Debug|x86.Build.0 = Debug|Any CPU
		{7DA818FA-45B4-4BC4-B847-23EEC9E85F2E}.Release|Any CPU.ActiveCfg = Release|Any CPU
		{7DA818FA-45B4-4BC4-B847-23EEC9E85F2E}.Release|Any CPU.Build.0 = Release|Any CPU
		{7DA818FA-45B4-4BC4-B847-23EEC9E85F2E}.Release|x64.ActiveCfg = Release|Any CPU
		{7DA818FA-45B4-4BC4-B847-23EEC9E85F2E}.Release|x64.Build.0 = Release|Any CPU
		{7DA818FA-45B4-4BC4-B847-23EEC9E85F2E}.Release|x86.ActiveCfg = Release|Any CPU
		{7DA818FA-45B4-4BC4-B847-23EEC9E85F2E}.Release|x86.Build.0 = Release|Any CPU
		{D78D7588-FF6A-4013-BA9D-DBE578E34690}.Debug|Any CPU.ActiveCfg = Debug|Any CPU
		{D78D7588-FF6A-4013-BA9D-DBE578E34690}.Debug|Any CPU.Build.0 = Debug|Any CPU
		{D78D7588-FF6A-4013-BA9D-DBE578E34690}.Debug|x64.ActiveCfg = Debug|Any CPU
		{D78D7588-FF6A-4013-BA9D-DBE578E34690}.Debug|x64.Build.0 = Debug|Any CPU
		{D78D7588-FF6A-4013-BA9D-DBE578E34690}.Debug|x86.ActiveCfg = Debug|Any CPU
		{D78D7588-FF6A-4013-BA9D-DBE578E34690}.Debug|x86.Build.0 = Debug|Any CPU
		{D78D7588-FF6A-4013-BA9D-DBE578E34690}.Release|Any CPU.ActiveCfg = Release|Any CPU
		{D78D7588-FF6A-4013-BA9D-DBE578E34690}.Release|Any CPU.Build.0 = Release|Any CPU
		{D78D7588-FF6A-4013-BA9D-DBE578E34690}.Release|x64.ActiveCfg = Release|Any CPU
		{D78D7588-FF6A-4013-BA9D-DBE578E34690}.Release|x64.Build.0 = Release|Any CPU
		{D78D7588-FF6A-4013-BA9D-DBE578E34690}.Release|x86.ActiveCfg = Release|Any CPU
		{D78D7588-FF6A-4013-BA9D-DBE578E34690}.Release|x86.Build.0 = Release|Any CPU
		{29B01DCD-B5CF-4D94-B72A-82617FF0C80D}.Debug|Any CPU.ActiveCfg = Debug|Any CPU
		{29B01DCD-B5CF-4D94-B72A-82617FF0C80D}.Debug|Any CPU.Build.0 = Debug|Any CPU
		{29B01DCD-B5CF-4D94-B72A-82617FF0C80D}.Debug|x64.ActiveCfg = Debug|Any CPU
		{29B01DCD-B5CF-4D94-B72A-82617FF0C80D}.Debug|x64.Build.0 = Debug|Any CPU
		{29B01DCD-B5CF-4D94-B72A-82617FF0C80D}.Debug|x86.ActiveCfg = Debug|Any CPU
		{29B01DCD-B5CF-4D94-B72A-82617FF0C80D}.Debug|x86.Build.0 = Debug|Any CPU
		{29B01DCD-B5CF-4D94-B72A-82617FF0C80D}.Release|Any CPU.ActiveCfg = Release|Any CPU
		{29B01DCD-B5CF-4D94-B72A-82617FF0C80D}.Release|Any CPU.Build.0 = Release|Any CPU
		{29B01DCD-B5CF-4D94-B72A-82617FF0C80D}.Release|x64.ActiveCfg = Release|Any CPU
		{29B01DCD-B5CF-4D94-B72A-82617FF0C80D}.Release|x64.Build.0 = Release|Any CPU
		{29B01DCD-B5CF-4D94-B72A-82617FF0C80D}.Release|x86.ActiveCfg = Release|Any CPU
		{29B01DCD-B5CF-4D94-B72A-82617FF0C80D}.Release|x86.Build.0 = Release|Any CPU
		{136FDC58-B2BF-4A3C-9D72-E6AA1E2C99DB}.Debug|Any CPU.ActiveCfg = Debug|Any CPU
		{136FDC58-B2BF-4A3C-9D72-E6AA1E2C99DB}.Debug|Any CPU.Build.0 = Debug|Any CPU
		{136FDC58-B2BF-4A3C-9D72-E6AA1E2C99DB}.Debug|x64.ActiveCfg = Debug|Any CPU
		{136FDC58-B2BF-4A3C-9D72-E6AA1E2C99DB}.Debug|x64.Build.0 = Debug|Any CPU
		{136FDC58-B2BF-4A3C-9D72-E6AA1E2C99DB}.Debug|x86.ActiveCfg = Debug|Any CPU
		{136FDC58-B2BF-4A3C-9D72-E6AA1E2C99DB}.Debug|x86.Build.0 = Debug|Any CPU
		{136FDC58-B2BF-4A3C-9D72-E6AA1E2C99DB}.Release|Any CPU.ActiveCfg = Release|Any CPU
		{136FDC58-B2BF-4A3C-9D72-E6AA1E2C99DB}.Release|Any CPU.Build.0 = Release|Any CPU
		{136FDC58-B2BF-4A3C-9D72-E6AA1E2C99DB}.Release|x64.ActiveCfg = Release|Any CPU
		{136FDC58-B2BF-4A3C-9D72-E6AA1E2C99DB}.Release|x64.Build.0 = Release|Any CPU
		{136FDC58-B2BF-4A3C-9D72-E6AA1E2C99DB}.Release|x86.ActiveCfg = Release|Any CPU
		{136FDC58-B2BF-4A3C-9D72-E6AA1E2C99DB}.Release|x86.Build.0 = Release|Any CPU
	EndGlobalSection
	GlobalSection(SolutionProperties) = preSolution
		HideSolutionNode = FALSE
	EndGlobalSection
	GlobalSection(NestedProjects) = preSolution
		{7DA818FA-45B4-4BC4-B847-23EEC9E85F2E} = {827E0CD3-B72D-47B6-A68D-7590B98EB39B}
		{D78D7588-FF6A-4013-BA9D-DBE578E34690} = {827E0CD3-B72D-47B6-A68D-7590B98EB39B}
		{29B01DCD-B5CF-4D94-B72A-82617FF0C80D} = {827E0CD3-B72D-47B6-A68D-7590B98EB39B}
		{136FDC58-B2BF-4A3C-9D72-E6AA1E2C99DB} = {827E0CD3-B72D-47B6-A68D-7590B98EB39B}
	EndGlobalSection
EndGlobal
